
Microsoft Visual Studio Solution File, Format Version 12.00
# Visual Studio 15
Project("{FAE04EC0-301F-11D3-BF4B-00C04F79EFBC}") = "Assembly-CSharp-Editor", "Assembly-CSharp-Editor.csproj", "{5731C027-79D8-6F69-0F43-EDC37882D25B}"
EndProject
Project("{FAE04EC0-301F-11D3-BF4B-00C04F79EFBC}") = "Assembly-CSharp", "Assembly-CSharp.csproj", "{2FB829EF-087C-29E9-8970-2296914A9A3F}"
EndProject
Project("{FAE04EC0-301F-11D3-BF4B-00C04F79EFBC}") = "Unity.XR.Interaction.Toolkit.Samples.DeviceSimulator", "Unity.XR.Interaction.Toolkit.Samples.DeviceSimulator.csproj", "{8AD9235B-F17B-FA1C-3841-8CE5CC66F2F4}"
EndProject
Project("{FAE04EC0-301F-11D3-BF4B-00C04F79EFBC}") = "Unity.XR.Management.Samples", "Unity.XR.Management.Samples.csproj", "{B019B1C3-2281-8872-DE41-C9CF448C1DFA}"
EndProject
Project("{FAE04EC0-301F-11D3-BF4B-00C04F79EFBC}") = "Unity.XR.Interaction.Toolkit.Samples.StarterAssets", "Unity.XR.Interaction.Toolkit.Samples.StarterAssets.csproj", "{CCDE971E-23DF-CEBD-ECEA-79DD39AFF1B3}"
EndProject
Project("{FAE04EC0-301F-11D3-BF4B-00C04F79EFBC}") = "Unity.XR.Management.Samples.Editor", "Unity.XR.Management.Samples.Editor.csproj", "{15530DB2-A78C-D5DD-17CB-BC54DA07E737}"
EndProject
Global
	GlobalSection(SolutionConfigurationPlatforms) = preSolution
		Debug|Any CPU = Debug|Any CPU
		Release|Any CPU = Release|Any CPU
	EndGlobalSection
	GlobalSection(ProjectConfigurationPlatforms) = postSolution
		{5731C027-79D8-6F69-0F43-EDC37882D25B}.Debug|Any CPU.ActiveCfg = Debug|Any CPU
		{5731C027-79D8-6F69-0F43-EDC37882D25B}.Debug|Any CPU.Build.0 = Debug|Any CPU
		{5731C027-79D8-6F69-0F43-EDC37882D25B}.Release|Any CPU.ActiveCfg = Release|Any CPU
		{5731C027-79D8-6F69-0F43-EDC37882D25B}.Release|Any CPU.Build.0 = Release|Any CPU
		{2FB829EF-087C-29E9-8970-2296914A9A3F}.Debug|Any CPU.ActiveCfg = Debug|Any CPU
		{2FB829EF-087C-29E9-8970-2296914A9A3F}.Debug|Any CPU.Build.0 = Debug|Any CPU
		{2FB829EF-087C-29E9-8970-2296914A9A3F}.Release|Any CPU.ActiveCfg = Release|Any CPU
		{2FB829EF-087C-29E9-8970-2296914A9A3F}.Release|Any CPU.Build.0 = Release|Any CPU
		{8AD9235B-F17B-FA1C-3841-8CE5CC66F2F4}.Debug|Any CPU.ActiveCfg = Debug|Any CPU
		{8AD9235B-F17B-FA1C-3841-8CE5CC66F2F4}.Debug|Any CPU.Build.0 = Debug|Any CPU
		{8AD9235B-F17B-FA1C-3841-8CE5CC66F2F4}.Release|Any CPU.ActiveCfg = Release|Any CPU
		{8AD9235B-F17B-FA1C-3841-8CE5CC66F2F4}.Release|Any CPU.Build.0 = Release|Any CPU
		{B019B1C3-2281-8872-DE41-C9CF448C1DFA}.Debug|Any CPU.ActiveCfg = Debug|Any CPU
		{B019B1C3-2281-8872-DE41-C9CF448C1DFA}.Debug|Any CPU.Build.0 = Debug|Any CPU
		{B019B1C3-2281-8872-DE41-C9CF448C1DFA}.Release|Any CPU.ActiveCfg = Release|Any CPU
		{B019B1C3-2281-8872-DE41-C9CF448C1DFA}.Release|Any CPU.Build.0 = Release|Any CPU
		{CCDE971E-23DF-CEBD-ECEA-79DD39AFF1B3}.Debug|Any CPU.ActiveCfg = Debug|Any CPU
		{CCDE971E-23DF-CEBD-ECEA-79DD39AFF1B3}.Debug|Any CPU.Build.0 = Debug|Any CPU
		{CCDE971E-23DF-CEBD-ECEA-79DD39AFF1B3}.Release|Any CPU.ActiveCfg = Release|Any CPU
		{CCDE971E-23DF-CEBD-ECEA-79DD39AFF1B3}.Release|Any CPU.Build.0 = Release|Any CPU
		{15530DB2-A78C-D5DD-17CB-BC54DA07E737}.Debug|Any CPU.ActiveCfg = Debug|Any CPU
		{15530DB2-A78C-D5DD-17CB-BC54DA07E737}.Debug|Any CPU.Build.0 = Debug|Any CPU
		{15530DB2-A78C-D5DD-17CB-BC54DA07E737}.Release|Any CPU.ActiveCfg = Release|Any CPU
		{15530DB2-A78C-D5DD-17CB-BC54DA07E737}.Release|Any CPU.Build.0 = Release|Any CPU
	EndGlobalSection
	GlobalSection(SolutionProperties) = preSolution
		HideSolutionNode = FALSE
	EndGlobalSection
EndGlobal
