
Microsoft Visual Studio Solution File, Format Version 12.00
# Visual Studio 15
Project("{FAE04EC0-301F-11D3-BF4B-00C04F79EFBC}") = "Unity.Timeline", "Unity.Timeline.csproj", "{16E4EE46-018F-B3F7-B099-0CB3875F6225}"
EndProject
Project("{FAE04EC0-301F-11D3-BF4B-00C04F79EFBC}") = "Unity.Timeline.Editor", "Unity.Timeline.Editor.csproj", "{BEE08DDF-F52F-F77E-A201-C92939077F35}"
EndProject
Project("{FAE04EC0-301F-11D3-BF4B-00C04F79EFBC}") = "Unity.TextMeshPro.Editor", "Unity.TextMeshPro.Editor.csproj", "{3B7B8C29-AD04-BDD5-6157-6343078FE940}"
EndProject
Project("{FAE04EC0-301F-11D3-BF4B-00C04F79EFBC}") = "Unity.VisualScripting.Flow", "Unity.VisualScripting.Flow.csproj", "{061A67D3-A535-BDEC-5097-66DF2B78DF5A}"
EndProject
Project("{FAE04EC0-301F-11D3-BF4B-00C04F79EFBC}") = "UnityEditor.UI", "UnityEditor.UI.csproj", "{92994B86-94BA-20BD-E3F1-BE652FCD24A0}"
EndProject
Project("{FAE04EC0-301F-11D3-BF4B-00C04F79EFBC}") = "Unity.PlasticSCM.Editor", "Unity.PlasticSCM.Editor.csproj", "{82C9FDD7-C658-59BD-A96E-B51F91D27677}"
EndProject
Project("{FAE04EC0-301F-11D3-BF4B-00C04F79EFBC}") = "Unity.VisualScripting.Core", "Unity.VisualScripting.Core.csproj", "{77A80D5B-2EEE-3E74-9237-1A2A7D041813}"
EndProject
Project("{FAE04EC0-301F-11D3-BF4B-00C04F79EFBC}") = "Unity.VisualScripting.Core.Editor", "Unity.VisualScripting.Core.Editor.csproj", "{0A8E09CB-C7CC-8510-AA57-85F39AB7AE2E}"
EndProject
Project("{FAE04EC0-301F-11D3-BF4B-00C04F79EFBC}") = "Unity.VisualScripting.Flow.Editor", "Unity.VisualScripting.Flow.Editor.csproj", "{B079FDEB-01C1-F7A0-6AB0-7D8FE9B31A60}"
EndProject
Project("{FAE04EC0-301F-11D3-BF4B-00C04F79EFBC}") = "UnityEditor.TestRunner", "UnityEditor.TestRunner.csproj", "{E76D6FBE-EC16-938E-D1B6-F353DE53D275}"
EndProject
Project("{FAE04EC0-301F-11D3-BF4B-00C04F79EFBC}") = "Unity.VisualScripting.SettingsProvider.Editor", "Unity.VisualScripting.SettingsProvider.Editor.csproj", "{FF75814F-C24E-1C1A-6C3A-BAF410EB2A21}"
EndProject
Project("{FAE04EC0-301F-11D3-BF4B-00C04F79EFBC}") = "UnityEngine.TestRunner", "UnityEngine.TestRunner.csproj", "{7DCF484D-FE3E-BCED-998D-173B68BDFAF5}"
EndProject
Project("{FAE04EC0-301F-11D3-BF4B-00C04F79EFBC}") = "UnityEngine.UI", "UnityEngine.UI.csproj", "{AD6A107E-C8C3-7A1B-814D-7561387879FC}"
EndProject
Project("{FAE04EC0-301F-11D3-BF4B-00C04F79EFBC}") = "Unity.AI.Navigation.Editor", "Unity.AI.Navigation.Editor.csproj", "{9236E5DE-5B01-D1FC-91E4-5A006DFE58E3}"
EndProject
Project("{FAE04EC0-301F-11D3-BF4B-00C04F79EFBC}") = "Unity.VisualStudio.Editor", "Unity.VisualStudio.Editor.csproj", "{1851A7F9-41F6-6852-4F49-53C9491987AA}"
EndProject
Project("{FAE04EC0-301F-11D3-BF4B-00C04F79EFBC}") = "Unity.TestTools.CodeCoverage.Editor.OpenCover.Model", "Unity.TestTools.CodeCoverage.Editor.OpenCover.Model.csproj", "{47C2CD59-D6FE-9F51-A2C5-1E2B16731810}"
EndProject
Project("{FAE04EC0-301F-11D3-BF4B-00C04F79EFBC}") = "Unity.Rider.Editor", "Unity.Rider.Editor.csproj", "{5CE44DB8-774A-4039-4B35-987A085EDDE0}"
EndProject
Project("{FAE04EC0-301F-11D3-BF4B-00C04F79EFBC}") = "Unity.AI.Navigation", "Unity.AI.Navigation.csproj", "{BF61E7CB-E0E3-79AF-DF64-AD6EE94717DB}"
EndProject
Project("{FAE04EC0-301F-11D3-BF4B-00C04F79EFBC}") = "Unity.AI.Navigation.Editor.ConversionSystem", "Unity.AI.Navigation.Editor.ConversionSystem.csproj", "{8DDD849E-3E78-2C22-BD50-BB507BA209A3}"
EndProject
Project("{FAE04EC0-301F-11D3-BF4B-00C04F79EFBC}") = "Unity.VisualScripting.State.Editor", "Unity.VisualScripting.State.Editor.csproj", "{460AD2E5-4A62-16E5-3F33-6E3A8E86F0D4}"
EndProject
Project("{FAE04EC0-301F-11D3-BF4B-00C04F79EFBC}") = "Unity.TestTools.CodeCoverage.Editor", "Unity.TestTools.CodeCoverage.Editor.csproj", "{9E7952A0-470D-AFFC-28F7-2A964CF28C41}"
EndProject
Project("{FAE04EC0-301F-11D3-BF4B-00C04F79EFBC}") = "Unity.VisualScripting.State", "Unity.VisualScripting.State.csproj", "{A7AD2DC2-B586-2DDF-9170-4BCFCDD0C1A8}"
EndProject
Project("{FAE04EC0-301F-11D3-BF4B-00C04F79EFBC}") = "Unity.TextMeshPro", "Unity.TextMeshPro.csproj", "{2658ED4E-7813-ADF0-1466-03B01BF41815}"
EndProject
Project("{FAE04EC0-301F-11D3-BF4B-00C04F79EFBC}") = "Unity.Performance.Profile-Analyzer.Editor", "Unity.Performance.Profile-Analyzer.Editor.csproj", "{D82F9B6E-95A9-88FF-F8E7-1F1FEFD85A45}"
EndProject
Project("{FAE04EC0-301F-11D3-BF4B-00C04F79EFBC}") = "Unity.VSCode.Editor", "Unity.VSCode.Editor.csproj", "{E41F45AA-C0F2-2285-832C-B0904CD69998}"
EndProject
Project("{FAE04EC0-301F-11D3-BF4B-00C04F79EFBC}") = "Unity.TestTools.CodeCoverage.Editor.OpenCover.Mono.Reflection", "Unity.TestTools.CodeCoverage.Editor.OpenCover.Mono.Reflection.csproj", "{94C665E1-4546-9F6D-8355-64DFD4B821BC}"
EndProject
Project("{FAE04EC0-301F-11D3-BF4B-00C04F79EFBC}") = "Unity.AI.Navigation.Updater", "Unity.AI.Navigation.Updater.csproj", "{20BE10A6-8506-46F9-ECF6-8C749058FA78}"
EndProject
Project("{FAE04EC0-301F-11D3-BF4B-00C04F79EFBC}") = "Unity.Settings.Editor", "Unity.Settings.Editor.csproj", "{5F0C5D71-FCF3-3B17-A05C-4C5654DC2C5D}"
EndProject
Project("{FAE04EC0-301F-11D3-BF4B-00C04F79EFBC}") = "Unity.EditorCoroutines.Editor", "Unity.EditorCoroutines.Editor.csproj", "{93FD55D3-6387-0BC5-B182-6C5A121FF779}"
EndProject
Project("{FAE04EC0-301F-11D3-BF4B-00C04F79EFBC}") = "Assembly-CSharp", "Assembly-CSharp.csproj", "{DF633FB9-C95A-D2D2-E765-6018247C1348}"
EndProject
Project("{FAE04EC0-301F-11D3-BF4B-00C04F79EFBC}") = "Unity.VisualScripting.Shared.Editor", "Unity.VisualScripting.Shared.Editor.csproj", "{8FC15205-B71F-A0B1-3B9A-3E3BC3B7AA61}"
EndProject
Project("{FAE04EC0-301F-11D3-BF4B-00C04F79EFBC}") = "Unity.CollabProxy.Editor", "Unity.CollabProxy.Editor.csproj", "{2E65C6B7-266B-3D10-B8EE-8CAB6CD4A2CE}"
EndProject
Project("{FAE04EC0-301F-11D3-BF4B-00C04F79EFBC}") = "Unity.Timeline", "Unity.Timeline.Player.csproj", "{0CB20981-49E9-8B37-F449-026F99C7587D}"
EndProject
Project("{FAE04EC0-301F-11D3-BF4B-00C04F79EFBC}") = "Unity.VisualScripting.Flow", "Unity.VisualScripting.Flow.Player.csproj", "{7ED6A3FE-7444-3F23-26D8-A56A8DF9C730}"
EndProject
Project("{FAE04EC0-301F-11D3-BF4B-00C04F79EFBC}") = "Unity.VisualScripting.Core", "Unity.VisualScripting.Core.Player.csproj", "{85F5DA56-E8D1-A77D-CA3C-CEB06E698477}"
EndProject
Project("{FAE04EC0-301F-11D3-BF4B-00C04F79EFBC}") = "UnityEngine.TestRunner", "UnityEngine.TestRunner.Player.csproj", "{C633A555-9E28-DDC5-6CC7-E31E970A7E57}"
EndProject
Project("{FAE04EC0-301F-11D3-BF4B-00C04F79EFBC}") = "UnityEngine.UI", "UnityEngine.UI.Player.csproj", "{7EC88AFE-1045-AB1B-E801-5D68ABF36BCC}"
EndProject
Project("{FAE04EC0-301F-11D3-BF4B-00C04F79EFBC}") = "Unity.AI.Navigation", "Unity.AI.Navigation.Player.csproj", "{492CB9B5-28AF-9A3B-DA1B-74E283739741}"
EndProject
Project("{FAE04EC0-301F-11D3-BF4B-00C04F79EFBC}") = "Unity.VisualScripting.State", "Unity.VisualScripting.State.Player.csproj", "{EB6274F2-9582-936B-B55D-0563BC1FB35A}"
EndProject
Project("{FAE04EC0-301F-11D3-BF4B-00C04F79EFBC}") = "Unity.TextMeshPro", "Unity.TextMeshPro.Player.csproj", "{20F99F7D-AD19-1F1B-203C-5AE87CE86076}"
EndProject
Project("{FAE04EC0-301F-11D3-BF4B-00C04F79EFBC}") = "Assembly-CSharp", "Assembly-CSharp.Player.csproj", "{95948040-5508-87E9-4606-73476AB05735}"
EndProject
Global
	GlobalSection(SolutionConfigurationPlatforms) = preSolution
		Debug|Any CPU = Debug|Any CPU
		Release|Any CPU = Release|Any CPU
	EndGlobalSection
	GlobalSection(ProjectConfigurationPlatforms) = postSolution
		{16E4EE46-018F-B3F7-B099-0CB3875F6225}.Debug|Any CPU.ActiveCfg = Debug|Any CPU
		{16E4EE46-018F-B3F7-B099-0CB3875F6225}.Debug|Any CPU.Build.0 = Debug|Any CPU
		{16E4EE46-018F-B3F7-B099-0CB3875F6225}.Release|Any CPU.ActiveCfg = Release|Any CPU
		{16E4EE46-018F-B3F7-B099-0CB3875F6225}.Release|Any CPU.Build.0 = Release|Any CPU
		{BEE08DDF-F52F-F77E-A201-C92939077F35}.Debug|Any CPU.ActiveCfg = Debug|Any CPU
		{BEE08DDF-F52F-F77E-A201-C92939077F35}.Debug|Any CPU.Build.0 = Debug|Any CPU
		{BEE08DDF-F52F-F77E-A201-C92939077F35}.Release|Any CPU.ActiveCfg = Release|Any CPU
		{BEE08DDF-F52F-F77E-A201-C92939077F35}.Release|Any CPU.Build.0 = Release|Any CPU
		{3B7B8C29-AD04-BDD5-6157-6343078FE940}.Debug|Any CPU.ActiveCfg = Debug|Any CPU
		{3B7B8C29-AD04-BDD5-6157-6343078FE940}.Debug|Any CPU.Build.0 = Debug|Any CPU
		{3B7B8C29-AD04-BDD5-6157-6343078FE940}.Release|Any CPU.ActiveCfg = Release|Any CPU
		{3B7B8C29-AD04-BDD5-6157-6343078FE940}.Release|Any CPU.Build.0 = Release|Any CPU
		{061A67D3-A535-BDEC-5097-66DF2B78DF5A}.Debug|Any CPU.ActiveCfg = Debug|Any CPU
		{061A67D3-A535-BDEC-5097-66DF2B78DF5A}.Debug|Any CPU.Build.0 = Debug|Any CPU
		{061A67D3-A535-BDEC-5097-66DF2B78DF5A}.Release|Any CPU.ActiveCfg = Release|Any CPU
		{061A67D3-A535-BDEC-5097-66DF2B78DF5A}.Release|Any CPU.Build.0 = Release|Any CPU
		{92994B86-94BA-20BD-E3F1-BE652FCD24A0}.Debug|Any CPU.ActiveCfg = Debug|Any CPU
		{92994B86-94BA-20BD-E3F1-BE652FCD24A0}.Debug|Any CPU.Build.0 = Debug|Any CPU
		{92994B86-94BA-20BD-E3F1-BE652FCD24A0}.Release|Any CPU.ActiveCfg = Release|Any CPU
		{92994B86-94BA-20BD-E3F1-BE652FCD24A0}.Release|Any CPU.Build.0 = Release|Any CPU
		{82C9FDD7-C658-59BD-A96E-B51F91D27677}.Debug|Any CPU.ActiveCfg = Debug|Any CPU
		{82C9FDD7-C658-59BD-A96E-B51F91D27677}.Debug|Any CPU.Build.0 = Debug|Any CPU
		{82C9FDD7-C658-59BD-A96E-B51F91D27677}.Release|Any CPU.ActiveCfg = Release|Any CPU
		{82C9FDD7-C658-59BD-A96E-B51F91D27677}.Release|Any CPU.Build.0 = Release|Any CPU
		{77A80D5B-2EEE-3E74-9237-1A2A7D041813}.Debug|Any CPU.ActiveCfg = Debug|Any CPU
		{77A80D5B-2EEE-3E74-9237-1A2A7D041813}.Debug|Any CPU.Build.0 = Debug|Any CPU
		{77A80D5B-2EEE-3E74-9237-1A2A7D041813}.Release|Any CPU.ActiveCfg = Release|Any CPU
		{77A80D5B-2EEE-3E74-9237-1A2A7D041813}.Release|Any CPU.Build.0 = Release|Any CPU
		{0A8E09CB-C7CC-8510-AA57-85F39AB7AE2E}.Debug|Any CPU.ActiveCfg = Debug|Any CPU
		{0A8E09CB-C7CC-8510-AA57-85F39AB7AE2E}.Debug|Any CPU.Build.0 = Debug|Any CPU
		{0A8E09CB-C7CC-8510-AA57-85F39AB7AE2E}.Release|Any CPU.ActiveCfg = Release|Any CPU
		{0A8E09CB-C7CC-8510-AA57-85F39AB7AE2E}.Release|Any CPU.Build.0 = Release|Any CPU
		{B079FDEB-01C1-F7A0-6AB0-7D8FE9B31A60}.Debug|Any CPU.ActiveCfg = Debug|Any CPU
		{B079FDEB-01C1-F7A0-6AB0-7D8FE9B31A60}.Debug|Any CPU.Build.0 = Debug|Any CPU
		{B079FDEB-01C1-F7A0-6AB0-7D8FE9B31A60}.Release|Any CPU.ActiveCfg = Release|Any CPU
		{B079FDEB-01C1-F7A0-6AB0-7D8FE9B31A60}.Release|Any CPU.Build.0 = Release|Any CPU
		{E76D6FBE-EC16-938E-D1B6-F353DE53D275}.Debug|Any CPU.ActiveCfg = Debug|Any CPU
		{E76D6FBE-EC16-938E-D1B6-F353DE53D275}.Debug|Any CPU.Build.0 = Debug|Any CPU
		{E76D6FBE-EC16-938E-D1B6-F353DE53D275}.Release|Any CPU.ActiveCfg = Release|Any CPU
		{E76D6FBE-EC16-938E-D1B6-F353DE53D275}.Release|Any CPU.Build.0 = Release|Any CPU
		{FF75814F-C24E-1C1A-6C3A-BAF410EB2A21}.Debug|Any CPU.ActiveCfg = Debug|Any CPU
		{FF75814F-C24E-1C1A-6C3A-BAF410EB2A21}.Debug|Any CPU.Build.0 = Debug|Any CPU
		{FF75814F-C24E-1C1A-6C3A-BAF410EB2A21}.Release|Any CPU.ActiveCfg = Release|Any CPU
		{FF75814F-C24E-1C1A-6C3A-BAF410EB2A21}.Release|Any CPU.Build.0 = Release|Any CPU
		{7DCF484D-FE3E-BCED-998D-173B68BDFAF5}.Debug|Any CPU.ActiveCfg = Debug|Any CPU
		{7DCF484D-FE3E-BCED-998D-173B68BDFAF5}.Debug|Any CPU.Build.0 = Debug|Any CPU
		{7DCF484D-FE3E-BCED-998D-173B68BDFAF5}.Release|Any CPU.ActiveCfg = Release|Any CPU
		{7DCF484D-FE3E-BCED-998D-173B68BDFAF5}.Release|Any CPU.Build.0 = Release|Any CPU
		{AD6A107E-C8C3-7A1B-814D-7561387879FC}.Debug|Any CPU.ActiveCfg = Debug|Any CPU
		{AD6A107E-C8C3-7A1B-814D-7561387879FC}.Debug|Any CPU.Build.0 = Debug|Any CPU
		{AD6A107E-C8C3-7A1B-814D-7561387879FC}.Release|Any CPU.ActiveCfg = Release|Any CPU
		{AD6A107E-C8C3-7A1B-814D-7561387879FC}.Release|Any CPU.Build.0 = Release|Any CPU
		{9236E5DE-5B01-D1FC-91E4-5A006DFE58E3}.Debug|Any CPU.ActiveCfg = Debug|Any CPU
		{9236E5DE-5B01-D1FC-91E4-5A006DFE58E3}.Debug|Any CPU.Build.0 = Debug|Any CPU
		{9236E5DE-5B01-D1FC-91E4-5A006DFE58E3}.Release|Any CPU.ActiveCfg = Release|Any CPU
		{9236E5DE-5B01-D1FC-91E4-5A006DFE58E3}.Release|Any CPU.Build.0 = Release|Any CPU
		{1851A7F9-41F6-6852-4F49-53C9491987AA}.Debug|Any CPU.ActiveCfg = Debug|Any CPU
		{1851A7F9-41F6-6852-4F49-53C9491987AA}.Debug|Any CPU.Build.0 = Debug|Any CPU
		{1851A7F9-41F6-6852-4F49-53C9491987AA}.Release|Any CPU.ActiveCfg = Release|Any CPU
		{1851A7F9-41F6-6852-4F49-53C9491987AA}.Release|Any CPU.Build.0 = Release|Any CPU
		{47C2CD59-D6FE-9F51-A2C5-1E2B16731810}.Debug|Any CPU.ActiveCfg = Debug|Any CPU
		{47C2CD59-D6FE-9F51-A2C5-1E2B16731810}.Debug|Any CPU.Build.0 = Debug|Any CPU
		{47C2CD59-D6FE-9F51-A2C5-1E2B16731810}.Release|Any CPU.ActiveCfg = Release|Any CPU
		{47C2CD59-D6FE-9F51-A2C5-1E2B16731810}.Release|Any CPU.Build.0 = Release|Any CPU
		{5CE44DB8-774A-4039-4B35-987A085EDDE0}.Debug|Any CPU.ActiveCfg = Debug|Any CPU
		{5CE44DB8-774A-4039-4B35-987A085EDDE0}.Debug|Any CPU.Build.0 = Debug|Any CPU
		{5CE44DB8-774A-4039-4B35-987A085EDDE0}.Release|Any CPU.ActiveCfg = Release|Any CPU
		{5CE44DB8-774A-4039-4B35-987A085EDDE0}.Release|Any CPU.Build.0 = Release|Any CPU
		{BF61E7CB-E0E3-79AF-DF64-AD6EE94717DB}.Debug|Any CPU.ActiveCfg = Debug|Any CPU
		{BF61E7CB-E0E3-79AF-DF64-AD6EE94717DB}.Debug|Any CPU.Build.0 = Debug|Any CPU
		{BF61E7CB-E0E3-79AF-DF64-AD6EE94717DB}.Release|Any CPU.ActiveCfg = Release|Any CPU
		{BF61E7CB-E0E3-79AF-DF64-AD6EE94717DB}.Release|Any CPU.Build.0 = Release|Any CPU
		{8DDD849E-3E78-2C22-BD50-BB507BA209A3}.Debug|Any CPU.ActiveCfg = Debug|Any CPU
		{8DDD849E-3E78-2C22-BD50-BB507BA209A3}.Debug|Any CPU.Build.0 = Debug|Any CPU
		{8DDD849E-3E78-2C22-BD50-BB507BA209A3}.Release|Any CPU.ActiveCfg = Release|Any CPU
		{8DDD849E-3E78-2C22-BD50-BB507BA209A3}.Release|Any CPU.Build.0 = Release|Any CPU
		{460AD2E5-4A62-16E5-3F33-6E3A8E86F0D4}.Debug|Any CPU.ActiveCfg = Debug|Any CPU
		{460AD2E5-4A62-16E5-3F33-6E3A8E86F0D4}.Debug|Any CPU.Build.0 = Debug|Any CPU
		{460AD2E5-4A62-16E5-3F33-6E3A8E86F0D4}.Release|Any CPU.ActiveCfg = Release|Any CPU
		{460AD2E5-4A62-16E5-3F33-6E3A8E86F0D4}.Release|Any CPU.Build.0 = Release|Any CPU
		{9E7952A0-470D-AFFC-28F7-2A964CF28C41}.Debug|Any CPU.ActiveCfg = Debug|Any CPU
		{9E7952A0-470D-AFFC-28F7-2A964CF28C41}.Debug|Any CPU.Build.0 = Debug|Any CPU
		{9E7952A0-470D-AFFC-28F7-2A964CF28C41}.Release|Any CPU.ActiveCfg = Release|Any CPU
		{9E7952A0-470D-AFFC-28F7-2A964CF28C41}.Release|Any CPU.Build.0 = Release|Any CPU
		{A7AD2DC2-B586-2DDF-9170-4BCFCDD0C1A8}.Debug|Any CPU.ActiveCfg = Debug|Any CPU
		{A7AD2DC2-B586-2DDF-9170-4BCFCDD0C1A8}.Debug|Any CPU.Build.0 = Debug|Any CPU
		{A7AD2DC2-B586-2DDF-9170-4BCFCDD0C1A8}.Release|Any CPU.ActiveCfg = Release|Any CPU
		{A7AD2DC2-B586-2DDF-9170-4BCFCDD0C1A8}.Release|Any CPU.Build.0 = Release|Any CPU
		{2658ED4E-7813-ADF0-1466-03B01BF41815}.Debug|Any CPU.ActiveCfg = Debug|Any CPU
		{2658ED4E-7813-ADF0-1466-03B01BF41815}.Debug|Any CPU.Build.0 = Debug|Any CPU
		{2658ED4E-7813-ADF0-1466-03B01BF41815}.Release|Any CPU.ActiveCfg = Release|Any CPU
		{2658ED4E-7813-ADF0-1466-03B01BF41815}.Release|Any CPU.Build.0 = Release|Any CPU
		{D82F9B6E-95A9-88FF-F8E7-1F1FEFD85A45}.Debug|Any CPU.ActiveCfg = Debug|Any CPU
		{D82F9B6E-95A9-88FF-F8E7-1F1FEFD85A45}.Debug|Any CPU.Build.0 = Debug|Any CPU
		{D82F9B6E-95A9-88FF-F8E7-1F1FEFD85A45}.Release|Any CPU.ActiveCfg = Release|Any CPU
		{D82F9B6E-95A9-88FF-F8E7-1F1FEFD85A45}.Release|Any CPU.Build.0 = Release|Any CPU
		{E41F45AA-C0F2-2285-832C-B0904CD69998}.Debug|Any CPU.ActiveCfg = Debug|Any CPU
		{E41F45AA-C0F2-2285-832C-B0904CD69998}.Debug|Any CPU.Build.0 = Debug|Any CPU
		{E41F45AA-C0F2-2285-832C-B0904CD69998}.Release|Any CPU.ActiveCfg = Release|Any CPU
		{E41F45AA-C0F2-2285-832C-B0904CD69998}.Release|Any CPU.Build.0 = Release|Any CPU
		{94C665E1-4546-9F6D-8355-64DFD4B821BC}.Debug|Any CPU.ActiveCfg = Debug|Any CPU
		{94C665E1-4546-9F6D-8355-64DFD4B821BC}.Debug|Any CPU.Build.0 = Debug|Any CPU
		{94C665E1-4546-9F6D-8355-64DFD4B821BC}.Release|Any CPU.ActiveCfg = Release|Any CPU
		{94C665E1-4546-9F6D-8355-64DFD4B821BC}.Release|Any CPU.Build.0 = Release|Any CPU
		{20BE10A6-8506-46F9-ECF6-8C749058FA78}.Debug|Any CPU.ActiveCfg = Debug|Any CPU
		{20BE10A6-8506-46F9-ECF6-8C749058FA78}.Debug|Any CPU.Build.0 = Debug|Any CPU
		{20BE10A6-8506-46F9-ECF6-8C749058FA78}.Release|Any CPU.ActiveCfg = Release|Any CPU
		{20BE10A6-8506-46F9-ECF6-8C749058FA78}.Release|Any CPU.Build.0 = Release|Any CPU
		{5F0C5D71-FCF3-3B17-A05C-4C5654DC2C5D}.Debug|Any CPU.ActiveCfg = Debug|Any CPU
		{5F0C5D71-FCF3-3B17-A05C-4C5654DC2C5D}.Debug|Any CPU.Build.0 = Debug|Any CPU
		{5F0C5D71-FCF3-3B17-A05C-4C5654DC2C5D}.Release|Any CPU.ActiveCfg = Release|Any CPU
		{5F0C5D71-FCF3-3B17-A05C-4C5654DC2C5D}.Release|Any CPU.Build.0 = Release|Any CPU
		{93FD55D3-6387-0BC5-B182-6C5A121FF779}.Debug|Any CPU.ActiveCfg = Debug|Any CPU
		{93FD55D3-6387-0BC5-B182-6C5A121FF779}.Debug|Any CPU.Build.0 = Debug|Any CPU
		{93FD55D3-6387-0BC5-B182-6C5A121FF779}.Release|Any CPU.ActiveCfg = Release|Any CPU
		{93FD55D3-6387-0BC5-B182-6C5A121FF779}.Release|Any CPU.Build.0 = Release|Any CPU
		{DF633FB9-C95A-D2D2-E765-6018247C1348}.Debug|Any CPU.ActiveCfg = Debug|Any CPU
		{DF633FB9-C95A-D2D2-E765-6018247C1348}.Debug|Any CPU.Build.0 = Debug|Any CPU
		{DF633FB9-C95A-D2D2-E765-6018247C1348}.Release|Any CPU.ActiveCfg = Release|Any CPU
		{DF633FB9-C95A-D2D2-E765-6018247C1348}.Release|Any CPU.Build.0 = Release|Any CPU
		{8FC15205-B71F-A0B1-3B9A-3E3BC3B7AA61}.Debug|Any CPU.ActiveCfg = Debug|Any CPU
		{8FC15205-B71F-A0B1-3B9A-3E3BC3B7AA61}.Debug|Any CPU.Build.0 = Debug|Any CPU
		{8FC15205-B71F-A0B1-3B9A-3E3BC3B7AA61}.Release|Any CPU.ActiveCfg = Release|Any CPU
		{8FC15205-B71F-A0B1-3B9A-3E3BC3B7AA61}.Release|Any CPU.Build.0 = Release|Any CPU
		{2E65C6B7-266B-3D10-B8EE-8CAB6CD4A2CE}.Debug|Any CPU.ActiveCfg = Debug|Any CPU
		{2E65C6B7-266B-3D10-B8EE-8CAB6CD4A2CE}.Debug|Any CPU.Build.0 = Debug|Any CPU
		{2E65C6B7-266B-3D10-B8EE-8CAB6CD4A2CE}.Release|Any CPU.ActiveCfg = Release|Any CPU
		{2E65C6B7-266B-3D10-B8EE-8CAB6CD4A2CE}.Release|Any CPU.Build.0 = Release|Any CPU
		{0CB20981-49E9-8B37-F449-026F99C7587D}.Debug|Any CPU.ActiveCfg = Debug|Any CPU
		{0CB20981-49E9-8B37-F449-026F99C7587D}.Debug|Any CPU.Build.0 = Debug|Any CPU
		{0CB20981-49E9-8B37-F449-026F99C7587D}.Release|Any CPU.ActiveCfg = Release|Any CPU
		{0CB20981-49E9-8B37-F449-026F99C7587D}.Release|Any CPU.Build.0 = Release|Any CPU
		{7ED6A3FE-7444-3F23-26D8-A56A8DF9C730}.Debug|Any CPU.ActiveCfg = Debug|Any CPU
		{7ED6A3FE-7444-3F23-26D8-A56A8DF9C730}.Debug|Any CPU.Build.0 = Debug|Any CPU
		{7ED6A3FE-7444-3F23-26D8-A56A8DF9C730}.Release|Any CPU.ActiveCfg = Release|Any CPU
		{7ED6A3FE-7444-3F23-26D8-A56A8DF9C730}.Release|Any CPU.Build.0 = Release|Any CPU
		{85F5DA56-E8D1-A77D-CA3C-CEB06E698477}.Debug|Any CPU.ActiveCfg = Debug|Any CPU
		{85F5DA56-E8D1-A77D-CA3C-CEB06E698477}.Debug|Any CPU.Build.0 = Debug|Any CPU
		{85F5DA56-E8D1-A77D-CA3C-CEB06E698477}.Release|Any CPU.ActiveCfg = Release|Any CPU
		{85F5DA56-E8D1-A77D-CA3C-CEB06E698477}.Release|Any CPU.Build.0 = Release|Any CPU
		{C633A555-9E28-DDC5-6CC7-E31E970A7E57}.Debug|Any CPU.ActiveCfg = Debug|Any CPU
		{C633A555-9E28-DDC5-6CC7-E31E970A7E57}.Debug|Any CPU.Build.0 = Debug|Any CPU
		{C633A555-9E28-DDC5-6CC7-E31E970A7E57}.Release|Any CPU.ActiveCfg = Release|Any CPU
		{C633A555-9E28-DDC5-6CC7-E31E970A7E57}.Release|Any CPU.Build.0 = Release|Any CPU
		{7EC88AFE-1045-AB1B-E801-5D68ABF36BCC}.Debug|Any CPU.ActiveCfg = Debug|Any CPU
		{7EC88AFE-1045-AB1B-E801-5D68ABF36BCC}.Debug|Any CPU.Build.0 = Debug|Any CPU
		{7EC88AFE-1045-AB1B-E801-5D68ABF36BCC}.Release|Any CPU.ActiveCfg = Release|Any CPU
		{7EC88AFE-1045-AB1B-E801-5D68ABF36BCC}.Release|Any CPU.Build.0 = Release|Any CPU
		{492CB9B5-28AF-9A3B-DA1B-74E283739741}.Debug|Any CPU.ActiveCfg = Debug|Any CPU
		{492CB9B5-28AF-9A3B-DA1B-74E283739741}.Debug|Any CPU.Build.0 = Debug|Any CPU
		{492CB9B5-28AF-9A3B-DA1B-74E283739741}.Release|Any CPU.ActiveCfg = Release|Any CPU
		{492CB9B5-28AF-9A3B-DA1B-74E283739741}.Release|Any CPU.Build.0 = Release|Any CPU
		{EB6274F2-9582-936B-B55D-0563BC1FB35A}.Debug|Any CPU.ActiveCfg = Debug|Any CPU
		{EB6274F2-9582-936B-B55D-0563BC1FB35A}.Debug|Any CPU.Build.0 = Debug|Any CPU
		{EB6274F2-9582-936B-B55D-0563BC1FB35A}.Release|Any CPU.ActiveCfg = Release|Any CPU
		{EB6274F2-9582-936B-B55D-0563BC1FB35A}.Release|Any CPU.Build.0 = Release|Any CPU
		{20F99F7D-AD19-1F1B-203C-5AE87CE86076}.Debug|Any CPU.ActiveCfg = Debug|Any CPU
		{20F99F7D-AD19-1F1B-203C-5AE87CE86076}.Debug|Any CPU.Build.0 = Debug|Any CPU
		{20F99F7D-AD19-1F1B-203C-5AE87CE86076}.Release|Any CPU.ActiveCfg = Release|Any CPU
		{20F99F7D-AD19-1F1B-203C-5AE87CE86076}.Release|Any CPU.Build.0 = Release|Any CPU
		{95948040-5508-87E9-4606-73476AB05735}.Debug|Any CPU.ActiveCfg = Debug|Any CPU
		{95948040-5508-87E9-4606-73476AB05735}.Debug|Any CPU.Build.0 = Debug|Any CPU
		{95948040-5508-87E9-4606-73476AB05735}.Release|Any CPU.ActiveCfg = Release|Any CPU
		{95948040-5508-87E9-4606-73476AB05735}.Release|Any CPU.Build.0 = Release|Any CPU
	EndGlobalSection
	GlobalSection(SolutionProperties) = preSolution
		HideSolutionNode = FALSE
	EndGlobalSection
EndGlobal
