
Microsoft Visual Studio Solution File, Format Version 12.00
# Visual Studio 15
Project("{FAE04EC0-301F-11D3-BF4B-00C04F79EFBC}") = "Assembly-CSharp", "Assembly-CSharp.csproj", "{78FA7CD5-5241-6480-1506-ED1C94C09430}"
EndProject
Project("{FAE04EC0-301F-11D3-BF4B-00C04F79EFBC}") = "Unity.XR.Interaction.Toolkit.Samples.StarterAssets", "Unity.XR.Interaction.Toolkit.Samples.StarterAssets.csproj", "{3682888D-B028-FE70-6841-40466515F888}"
EndProject
Project("{FAE04EC0-301F-11D3-BF4B-00C04F79EFBC}") = "Unity.XR.Interaction.Toolkit.Samples.DeviceSimulator", "Unity.XR.Interaction.Toolkit.Samples.DeviceSimulator.csproj", "{3B32F29E-2FCC-2693-3D09-43CA587F40FC}"
EndProject
Project("{FAE04EC0-301F-11D3-BF4B-00C04F79EFBC}") = "Assembly-CSharp-Editor", "Assembly-CSharp-Editor.csproj", "{64CE0B9C-20CB-8232-E44C-32040C45DC55}"
EndProject
Project("{FAE04EC0-301F-11D3-BF4B-00C04F79EFBC}") = "Unity.XR.Management.Samples", "Unity.XR.Management.Samples.csproj", "{2F6D42BA-B108-763B-158B-966075229C6D}"
EndProject
Project("{FAE04EC0-301F-11D3-BF4B-00C04F79EFBC}") = "Unity.XR.Management.Samples.Editor", "Unity.XR.Management.Samples.Editor.csproj", "{17FFF477-641F-1EA7-E4D9-610FEFC10FDD}"
EndProject
Global
	GlobalSection(SolutionConfigurationPlatforms) = preSolution
		Debug|Any CPU = Debug|Any CPU
		Release|Any CPU = Release|Any CPU
	EndGlobalSection
	GlobalSection(ProjectConfigurationPlatforms) = postSolution
		{78FA7CD5-5241-6480-1506-ED1C94C09430}.Debug|Any CPU.ActiveCfg = Debug|Any CPU
		{78FA7CD5-5241-6480-1506-ED1C94C09430}.Debug|Any CPU.Build.0 = Debug|Any CPU
		{78FA7CD5-5241-6480-1506-ED1C94C09430}.Release|Any CPU.ActiveCfg = Release|Any CPU
		{78FA7CD5-5241-6480-1506-ED1C94C09430}.Release|Any CPU.Build.0 = Release|Any CPU
		{3682888D-B028-FE70-6841-40466515F888}.Debug|Any CPU.ActiveCfg = Debug|Any CPU
		{3682888D-B028-FE70-6841-40466515F888}.Debug|Any CPU.Build.0 = Debug|Any CPU
		{3682888D-B028-FE70-6841-40466515F888}.Release|Any CPU.ActiveCfg = Release|Any CPU
		{3682888D-B028-FE70-6841-40466515F888}.Release|Any CPU.Build.0 = Release|Any CPU
		{3B32F29E-2FCC-2693-3D09-43CA587F40FC}.Debug|Any CPU.ActiveCfg = Debug|Any CPU
		{3B32F29E-2FCC-2693-3D09-43CA587F40FC}.Debug|Any CPU.Build.0 = Debug|Any CPU
		{3B32F29E-2FCC-2693-3D09-43CA587F40FC}.Release|Any CPU.ActiveCfg = Release|Any CPU
		{3B32F29E-2FCC-2693-3D09-43CA587F40FC}.Release|Any CPU.Build.0 = Release|Any CPU
		{64CE0B9C-20CB-8232-E44C-32040C45DC55}.Debug|Any CPU.ActiveCfg = Debug|Any CPU
		{64CE0B9C-20CB-8232-E44C-32040C45DC55}.Debug|Any CPU.Build.0 = Debug|Any CPU
		{64CE0B9C-20CB-8232-E44C-32040C45DC55}.Release|Any CPU.ActiveCfg = Release|Any CPU
		{64CE0B9C-20CB-8232-E44C-32040C45DC55}.Release|Any CPU.Build.0 = Release|Any CPU
		{2F6D42BA-B108-763B-158B-966075229C6D}.Debug|Any CPU.ActiveCfg = Debug|Any CPU
		{2F6D42BA-B108-763B-158B-966075229C6D}.Debug|Any CPU.Build.0 = Debug|Any CPU
		{2F6D42BA-B108-763B-158B-966075229C6D}.Release|Any CPU.ActiveCfg = Release|Any CPU
		{2F6D42BA-B108-763B-158B-966075229C6D}.Release|Any CPU.Build.0 = Release|Any CPU
		{17FFF477-641F-1EA7-E4D9-610FEFC10FDD}.Debug|Any CPU.ActiveCfg = Debug|Any CPU
		{17FFF477-641F-1EA7-E4D9-610FEFC10FDD}.Debug|Any CPU.Build.0 = Debug|Any CPU
		{17FFF477-641F-1EA7-E4D9-610FEFC10FDD}.Release|Any CPU.ActiveCfg = Release|Any CPU
		{17FFF477-641F-1EA7-E4D9-610FEFC10FDD}.Release|Any CPU.Build.0 = Release|Any CPU
	EndGlobalSection
	GlobalSection(SolutionProperties) = preSolution
		HideSolutionNode = FALSE
	EndGlobalSection
EndGlobal
