
Microsoft Visual Studio Solution File, Format Version 12.00
# Visual Studio 15
Project("{FAE04EC0-301F-11D3-BF4B-00C04F79EFBC}") = "Unity.Timeline", "Unity.Timeline.csproj", "{ADDFAD11-9DBB-8512-AFC9-93143502A557}"
EndProject
Project("{FAE04EC0-301F-11D3-BF4B-00C04F79EFBC}") = "Unity.Timeline.Editor", "Unity.Timeline.Editor.csproj", "{7B387284-17D4-7A76-57EA-0B9A2A07127C}"
EndProject
Project("{FAE04EC0-301F-11D3-BF4B-00C04F79EFBC}") = "Assembly-CSharp-Editor", "Assembly-CSharp-Editor.csproj", "{F5B6EB07-1BCE-7A79-0877-A78BDED7756F}"
EndProject
Project("{FAE04EC0-301F-11D3-BF4B-00C04F79EFBC}") = "Unity.TextMeshPro.Editor", "Unity.TextMeshPro.Editor.csproj", "{0EFD92E3-C261-1F06-DEA4-4C8CD4C36B97}"
EndProject
Project("{FAE04EC0-301F-11D3-BF4B-00C04F79EFBC}") = "Unity.VisualScripting.Flow", "Unity.VisualScripting.Flow.csproj", "{574C241A-218B-0C13-6201-33B2F30EBDAD}"
EndProject
Project("{FAE04EC0-301F-11D3-BF4B-00C04F79EFBC}") = "UnityEditor.UI", "UnityEditor.UI.csproj", "{19FDD549-4839-AC15-C6E0-1ADD7E40C39E}"
EndProject
Project("{FAE04EC0-301F-11D3-BF4B-00C04F79EFBC}") = "Unity.PlasticSCM.Editor", "Unity.PlasticSCM.Editor.csproj", "{AE597268-3431-BA43-8260-564ED28FAEDD}"
EndProject
Project("{FAE04EC0-301F-11D3-BF4B-00C04F79EFBC}") = "Unity.VisualScripting.Core", "Unity.VisualScripting.Core.csproj", "{D7153E03-0380-0022-4A81-74C83383A99C}"
EndProject
Project("{FAE04EC0-301F-11D3-BF4B-00C04F79EFBC}") = "Unity.VisualScripting.Core.Editor", "Unity.VisualScripting.Core.Editor.csproj", "{B7C8EFD6-0060-12B4-C978-4DE413B98918}"
EndProject
Project("{FAE04EC0-301F-11D3-BF4B-00C04F79EFBC}") = "Unity.VisualScripting.Flow.Editor", "Unity.VisualScripting.Flow.Editor.csproj", "{7F9E4DE0-1A6F-266A-1159-DC571BA79328}"
EndProject
Project("{FAE04EC0-301F-11D3-BF4B-00C04F79EFBC}") = "UnityEditor.TestRunner", "UnityEditor.TestRunner.csproj", "{5BCD5D6B-A622-D481-3D4B-24999782804D}"
EndProject
Project("{FAE04EC0-301F-11D3-BF4B-00C04F79EFBC}") = "Unity.VisualScripting.SettingsProvider.Editor", "Unity.VisualScripting.SettingsProvider.Editor.csproj", "{F16F5DC9-104C-CCCD-1D23-9367EBB47A34}"
EndProject
Project("{FAE04EC0-301F-11D3-BF4B-00C04F79EFBC}") = "UnityEngine.TestRunner", "UnityEngine.TestRunner.csproj", "{44B96E45-3752-4FA6-B319-D3D5760F94B0}"
EndProject
Project("{FAE04EC0-301F-11D3-BF4B-00C04F79EFBC}") = "UnityEngine.UI", "UnityEngine.UI.csproj", "{CF842BBC-5032-1A91-2F3C-6EA25FA18DAE}"
EndProject
Project("{FAE04EC0-301F-11D3-BF4B-00C04F79EFBC}") = "Unity.AI.Navigation.Editor", "Unity.AI.Navigation.Editor.csproj", "{8628DF5C-DE6C-B985-D4A9-9D25998FC4FF}"
EndProject
Project("{FAE04EC0-301F-11D3-BF4B-00C04F79EFBC}") = "Unity.VisualStudio.Editor", "Unity.VisualStudio.Editor.csproj", "{86675B5C-5C4F-2D93-3078-BEB27528C263}"
EndProject
Project("{FAE04EC0-301F-11D3-BF4B-00C04F79EFBC}") = "Unity.TestTools.CodeCoverage.Editor.OpenCover.Model", "Unity.TestTools.CodeCoverage.Editor.OpenCover.Model.csproj", "{DF3AB8BB-817C-5926-CEEF-B8CF7601AA4E}"
EndProject
Project("{FAE04EC0-301F-11D3-BF4B-00C04F79EFBC}") = "Unity.Rider.Editor", "Unity.Rider.Editor.csproj", "{2B2C6A03-C895-70BD-87FB-2C5275505515}"
EndProject
Project("{FAE04EC0-301F-11D3-BF4B-00C04F79EFBC}") = "Assembly-CSharp", "Assembly-CSharp.csproj", "{8E5A85AA-01C5-77A0-1F14-731A318379BB}"
EndProject
Project("{FAE04EC0-301F-11D3-BF4B-00C04F79EFBC}") = "Unity.AI.Navigation", "Unity.AI.Navigation.csproj", "{1CFD5139-2791-B8D6-2A54-9624EE5EE668}"
EndProject
Project("{FAE04EC0-301F-11D3-BF4B-00C04F79EFBC}") = "Unity.AI.Navigation.Editor.ConversionSystem", "Unity.AI.Navigation.Editor.ConversionSystem.csproj", "{D790A888-3400-FD04-3DF6-87708E290D85}"
EndProject
Project("{FAE04EC0-301F-11D3-BF4B-00C04F79EFBC}") = "Unity.VisualScripting.State.Editor", "Unity.VisualScripting.State.Editor.csproj", "{A936ED86-8408-8E6C-92B3-833E043AE630}"
EndProject
Project("{FAE04EC0-301F-11D3-BF4B-00C04F79EFBC}") = "Unity.TestTools.CodeCoverage.Editor", "Unity.TestTools.CodeCoverage.Editor.csproj", "{E79846FB-73E6-3742-B3C1-4579BFC0E638}"
EndProject
Project("{FAE04EC0-301F-11D3-BF4B-00C04F79EFBC}") = "Unity.VisualScripting.State", "Unity.VisualScripting.State.csproj", "{30A3AD4A-BE89-42D5-D7E2-A6CC9249A207}"
EndProject
Project("{FAE04EC0-301F-11D3-BF4B-00C04F79EFBC}") = "Unity.TextMeshPro", "Unity.TextMeshPro.csproj", "{0C35CBDD-3C94-6018-8E30-F6DA469AED91}"
EndProject
Project("{FAE04EC0-301F-11D3-BF4B-00C04F79EFBC}") = "Unity.Performance.Profile-Analyzer.Editor", "Unity.Performance.Profile-Analyzer.Editor.csproj", "{755330DE-D5D8-23E3-434B-28D0F6DC6582}"
EndProject
Project("{FAE04EC0-301F-11D3-BF4B-00C04F79EFBC}") = "Unity.VSCode.Editor", "Unity.VSCode.Editor.csproj", "{618798E2-2716-54A8-AD5D-2BC362B8D2FD}"
EndProject
Project("{FAE04EC0-301F-11D3-BF4B-00C04F79EFBC}") = "Unity.TestTools.CodeCoverage.Editor.OpenCover.Mono.Reflection", "Unity.TestTools.CodeCoverage.Editor.OpenCover.Mono.Reflection.csproj", "{1E260CD6-B26E-B45D-C5FC-4B520271AA0E}"
EndProject
Project("{FAE04EC0-301F-11D3-BF4B-00C04F79EFBC}") = "Unity.AI.Navigation.Updater", "Unity.AI.Navigation.Updater.csproj", "{281EA02E-0B2A-12F5-21DE-8B83D870ECF2}"
EndProject
Project("{FAE04EC0-301F-11D3-BF4B-00C04F79EFBC}") = "Unity.Settings.Editor", "Unity.Settings.Editor.csproj", "{6AFA6C6D-0120-D576-705E-065EF615F9B6}"
EndProject
Project("{FAE04EC0-301F-11D3-BF4B-00C04F79EFBC}") = "Unity.EditorCoroutines.Editor", "Unity.EditorCoroutines.Editor.csproj", "{B048EA0C-AD81-3AFB-95B7-79E364B9ACD2}"
EndProject
Project("{FAE04EC0-301F-11D3-BF4B-00C04F79EFBC}") = "Unity.VisualScripting.Shared.Editor", "Unity.VisualScripting.Shared.Editor.csproj", "{E496EFEC-C4C3-7678-FA96-D01EAA8FB797}"
EndProject
Project("{FAE04EC0-301F-11D3-BF4B-00C04F79EFBC}") = "Unity.CollabProxy.Editor", "Unity.CollabProxy.Editor.csproj", "{7714CC2E-756E-CEC9-2273-B3B67C4B9A4D}"
EndProject
Project("{FAE04EC0-301F-11D3-BF4B-00C04F79EFBC}") = "Unity.Timeline", "Unity.Timeline.Player.csproj", "{4A82CFAD-1498-6867-984A-E667455FD2FE}"
EndProject
Project("{FAE04EC0-301F-11D3-BF4B-00C04F79EFBC}") = "Unity.VisualScripting.Flow", "Unity.VisualScripting.Flow.Player.csproj", "{8CD1DC5F-639A-504F-C5F9-F6B9B00BFE80}"
EndProject
Project("{FAE04EC0-301F-11D3-BF4B-00C04F79EFBC}") = "Unity.VisualScripting.Core", "Unity.VisualScripting.Core.Player.csproj", "{A53F8BCE-8A4E-8B22-9DEA-47A577DF4E7B}"
EndProject
Project("{FAE04EC0-301F-11D3-BF4B-00C04F79EFBC}") = "UnityEngine.TestRunner", "UnityEngine.TestRunner.Player.csproj", "{A526556E-8CF3-B9DE-68B2-7876596A5815}"
EndProject
Project("{FAE04EC0-301F-11D3-BF4B-00C04F79EFBC}") = "UnityEngine.UI", "UnityEngine.UI.Player.csproj", "{A8CBDEBA-5E22-FF82-0A00-B8256123AE7C}"
EndProject
Project("{FAE04EC0-301F-11D3-BF4B-00C04F79EFBC}") = "Assembly-CSharp", "Assembly-CSharp.Player.csproj", "{A48723B4-49A9-A4ED-8880-79782D26D2D8}"
EndProject
Project("{FAE04EC0-301F-11D3-BF4B-00C04F79EFBC}") = "Unity.AI.Navigation", "Unity.AI.Navigation.Player.csproj", "{3F6D238E-5598-5D01-1836-C17796B60236}"
EndProject
Project("{FAE04EC0-301F-11D3-BF4B-00C04F79EFBC}") = "Unity.VisualScripting.State", "Unity.VisualScripting.State.Player.csproj", "{F579F66F-1A66-667C-64F5-E18D975C07A0}"
EndProject
Project("{FAE04EC0-301F-11D3-BF4B-00C04F79EFBC}") = "Unity.TextMeshPro", "Unity.TextMeshPro.Player.csproj", "{228CE62F-E529-E9A4-C862-69464850C3C3}"
EndProject
Global
	GlobalSection(SolutionConfigurationPlatforms) = preSolution
		Debug|Any CPU = Debug|Any CPU
		Release|Any CPU = Release|Any CPU
	EndGlobalSection
	GlobalSection(ProjectConfigurationPlatforms) = postSolution
		{ADDFAD11-9DBB-8512-AFC9-93143502A557}.Debug|Any CPU.ActiveCfg = Debug|Any CPU
		{ADDFAD11-9DBB-8512-AFC9-93143502A557}.Debug|Any CPU.Build.0 = Debug|Any CPU
		{ADDFAD11-9DBB-8512-AFC9-93143502A557}.Release|Any CPU.ActiveCfg = Release|Any CPU
		{ADDFAD11-9DBB-8512-AFC9-93143502A557}.Release|Any CPU.Build.0 = Release|Any CPU
		{7B387284-17D4-7A76-57EA-0B9A2A07127C}.Debug|Any CPU.ActiveCfg = Debug|Any CPU
		{7B387284-17D4-7A76-57EA-0B9A2A07127C}.Debug|Any CPU.Build.0 = Debug|Any CPU
		{7B387284-17D4-7A76-57EA-0B9A2A07127C}.Release|Any CPU.ActiveCfg = Release|Any CPU
		{7B387284-17D4-7A76-57EA-0B9A2A07127C}.Release|Any CPU.Build.0 = Release|Any CPU
		{F5B6EB07-1BCE-7A79-0877-A78BDED7756F}.Debug|Any CPU.ActiveCfg = Debug|Any CPU
		{F5B6EB07-1BCE-7A79-0877-A78BDED7756F}.Debug|Any CPU.Build.0 = Debug|Any CPU
		{F5B6EB07-1BCE-7A79-0877-A78BDED7756F}.Release|Any CPU.ActiveCfg = Release|Any CPU
		{F5B6EB07-1BCE-7A79-0877-A78BDED7756F}.Release|Any CPU.Build.0 = Release|Any CPU
		{0EFD92E3-C261-1F06-DEA4-4C8CD4C36B97}.Debug|Any CPU.ActiveCfg = Debug|Any CPU
		{0EFD92E3-C261-1F06-DEA4-4C8CD4C36B97}.Debug|Any CPU.Build.0 = Debug|Any CPU
		{0EFD92E3-C261-1F06-DEA4-4C8CD4C36B97}.Release|Any CPU.ActiveCfg = Release|Any CPU
		{0EFD92E3-C261-1F06-DEA4-4C8CD4C36B97}.Release|Any CPU.Build.0 = Release|Any CPU
		{574C241A-218B-0C13-6201-33B2F30EBDAD}.Debug|Any CPU.ActiveCfg = Debug|Any CPU
		{574C241A-218B-0C13-6201-33B2F30EBDAD}.Debug|Any CPU.Build.0 = Debug|Any CPU
		{574C241A-218B-0C13-6201-33B2F30EBDAD}.Release|Any CPU.ActiveCfg = Release|Any CPU
		{574C241A-218B-0C13-6201-33B2F30EBDAD}.Release|Any CPU.Build.0 = Release|Any CPU
		{19FDD549-4839-AC15-C6E0-1ADD7E40C39E}.Debug|Any CPU.ActiveCfg = Debug|Any CPU
		{19FDD549-4839-AC15-C6E0-1ADD7E40C39E}.Debug|Any CPU.Build.0 = Debug|Any CPU
		{19FDD549-4839-AC15-C6E0-1ADD7E40C39E}.Release|Any CPU.ActiveCfg = Release|Any CPU
		{19FDD549-4839-AC15-C6E0-1ADD7E40C39E}.Release|Any CPU.Build.0 = Release|Any CPU
		{AE597268-3431-BA43-8260-564ED28FAEDD}.Debug|Any CPU.ActiveCfg = Debug|Any CPU
		{AE597268-3431-BA43-8260-564ED28FAEDD}.Debug|Any CPU.Build.0 = Debug|Any CPU
		{AE597268-3431-BA43-8260-564ED28FAEDD}.Release|Any CPU.ActiveCfg = Release|Any CPU
		{AE597268-3431-BA43-8260-564ED28FAEDD}.Release|Any CPU.Build.0 = Release|Any CPU
		{D7153E03-0380-0022-4A81-74C83383A99C}.Debug|Any CPU.ActiveCfg = Debug|Any CPU
		{D7153E03-0380-0022-4A81-74C83383A99C}.Debug|Any CPU.Build.0 = Debug|Any CPU
		{D7153E03-0380-0022-4A81-74C83383A99C}.Release|Any CPU.ActiveCfg = Release|Any CPU
		{D7153E03-0380-0022-4A81-74C83383A99C}.Release|Any CPU.Build.0 = Release|Any CPU
		{B7C8EFD6-0060-12B4-C978-4DE413B98918}.Debug|Any CPU.ActiveCfg = Debug|Any CPU
		{B7C8EFD6-0060-12B4-C978-4DE413B98918}.Debug|Any CPU.Build.0 = Debug|Any CPU
		{B7C8EFD6-0060-12B4-C978-4DE413B98918}.Release|Any CPU.ActiveCfg = Release|Any CPU
		{B7C8EFD6-0060-12B4-C978-4DE413B98918}.Release|Any CPU.Build.0 = Release|Any CPU
		{7F9E4DE0-1A6F-266A-1159-DC571BA79328}.Debug|Any CPU.ActiveCfg = Debug|Any CPU
		{7F9E4DE0-1A6F-266A-1159-DC571BA79328}.Debug|Any CPU.Build.0 = Debug|Any CPU
		{7F9E4DE0-1A6F-266A-1159-DC571BA79328}.Release|Any CPU.ActiveCfg = Release|Any CPU
		{7F9E4DE0-1A6F-266A-1159-DC571BA79328}.Release|Any CPU.Build.0 = Release|Any CPU
		{5BCD5D6B-A622-D481-3D4B-24999782804D}.Debug|Any CPU.ActiveCfg = Debug|Any CPU
		{5BCD5D6B-A622-D481-3D4B-24999782804D}.Debug|Any CPU.Build.0 = Debug|Any CPU
		{5BCD5D6B-A622-D481-3D4B-24999782804D}.Release|Any CPU.ActiveCfg = Release|Any CPU
		{5BCD5D6B-A622-D481-3D4B-24999782804D}.Release|Any CPU.Build.0 = Release|Any CPU
		{F16F5DC9-104C-CCCD-1D23-9367EBB47A34}.Debug|Any CPU.ActiveCfg = Debug|Any CPU
		{F16F5DC9-104C-CCCD-1D23-9367EBB47A34}.Debug|Any CPU.Build.0 = Debug|Any CPU
		{F16F5DC9-104C-CCCD-1D23-9367EBB47A34}.Release|Any CPU.ActiveCfg = Release|Any CPU
		{F16F5DC9-104C-CCCD-1D23-9367EBB47A34}.Release|Any CPU.Build.0 = Release|Any CPU
		{44B96E45-3752-4FA6-B319-D3D5760F94B0}.Debug|Any CPU.ActiveCfg = Debug|Any CPU
		{44B96E45-3752-4FA6-B319-D3D5760F94B0}.Debug|Any CPU.Build.0 = Debug|Any CPU
		{44B96E45-3752-4FA6-B319-D3D5760F94B0}.Release|Any CPU.ActiveCfg = Release|Any CPU
		{44B96E45-3752-4FA6-B319-D3D5760F94B0}.Release|Any CPU.Build.0 = Release|Any CPU
		{CF842BBC-5032-1A91-2F3C-6EA25FA18DAE}.Debug|Any CPU.ActiveCfg = Debug|Any CPU
		{CF842BBC-5032-1A91-2F3C-6EA25FA18DAE}.Debug|Any CPU.Build.0 = Debug|Any CPU
		{CF842BBC-5032-1A91-2F3C-6EA25FA18DAE}.Release|Any CPU.ActiveCfg = Release|Any CPU
		{CF842BBC-5032-1A91-2F3C-6EA25FA18DAE}.Release|Any CPU.Build.0 = Release|Any CPU
		{8628DF5C-DE6C-B985-D4A9-9D25998FC4FF}.Debug|Any CPU.ActiveCfg = Debug|Any CPU
		{8628DF5C-DE6C-B985-D4A9-9D25998FC4FF}.Debug|Any CPU.Build.0 = Debug|Any CPU
		{8628DF5C-DE6C-B985-D4A9-9D25998FC4FF}.Release|Any CPU.ActiveCfg = Release|Any CPU
		{8628DF5C-DE6C-B985-D4A9-9D25998FC4FF}.Release|Any CPU.Build.0 = Release|Any CPU
		{86675B5C-5C4F-2D93-3078-BEB27528C263}.Debug|Any CPU.ActiveCfg = Debug|Any CPU
		{86675B5C-5C4F-2D93-3078-BEB27528C263}.Debug|Any CPU.Build.0 = Debug|Any CPU
		{86675B5C-5C4F-2D93-3078-BEB27528C263}.Release|Any CPU.ActiveCfg = Release|Any CPU
		{86675B5C-5C4F-2D93-3078-BEB27528C263}.Release|Any CPU.Build.0 = Release|Any CPU
		{DF3AB8BB-817C-5926-CEEF-B8CF7601AA4E}.Debug|Any CPU.ActiveCfg = Debug|Any CPU
		{DF3AB8BB-817C-5926-CEEF-B8CF7601AA4E}.Debug|Any CPU.Build.0 = Debug|Any CPU
		{DF3AB8BB-817C-5926-CEEF-B8CF7601AA4E}.Release|Any CPU.ActiveCfg = Release|Any CPU
		{DF3AB8BB-817C-5926-CEEF-B8CF7601AA4E}.Release|Any CPU.Build.0 = Release|Any CPU
		{2B2C6A03-C895-70BD-87FB-2C5275505515}.Debug|Any CPU.ActiveCfg = Debug|Any CPU
		{2B2C6A03-C895-70BD-87FB-2C5275505515}.Debug|Any CPU.Build.0 = Debug|Any CPU
		{2B2C6A03-C895-70BD-87FB-2C5275505515}.Release|Any CPU.ActiveCfg = Release|Any CPU
		{2B2C6A03-C895-70BD-87FB-2C5275505515}.Release|Any CPU.Build.0 = Release|Any CPU
		{8E5A85AA-01C5-77A0-1F14-731A318379BB}.Debug|Any CPU.ActiveCfg = Debug|Any CPU
		{8E5A85AA-01C5-77A0-1F14-731A318379BB}.Debug|Any CPU.Build.0 = Debug|Any CPU
		{8E5A85AA-01C5-77A0-1F14-731A318379BB}.Release|Any CPU.ActiveCfg = Release|Any CPU
		{8E5A85AA-01C5-77A0-1F14-731A318379BB}.Release|Any CPU.Build.0 = Release|Any CPU
		{1CFD5139-2791-B8D6-2A54-9624EE5EE668}.Debug|Any CPU.ActiveCfg = Debug|Any CPU
		{1CFD5139-2791-B8D6-2A54-9624EE5EE668}.Debug|Any CPU.Build.0 = Debug|Any CPU
		{1CFD5139-2791-B8D6-2A54-9624EE5EE668}.Release|Any CPU.ActiveCfg = Release|Any CPU
		{1CFD5139-2791-B8D6-2A54-9624EE5EE668}.Release|Any CPU.Build.0 = Release|Any CPU
		{D790A888-3400-FD04-3DF6-87708E290D85}.Debug|Any CPU.ActiveCfg = Debug|Any CPU
		{D790A888-3400-FD04-3DF6-87708E290D85}.Debug|Any CPU.Build.0 = Debug|Any CPU
		{D790A888-3400-FD04-3DF6-87708E290D85}.Release|Any CPU.ActiveCfg = Release|Any CPU
		{D790A888-3400-FD04-3DF6-87708E290D85}.Release|Any CPU.Build.0 = Release|Any CPU
		{A936ED86-8408-8E6C-92B3-833E043AE630}.Debug|Any CPU.ActiveCfg = Debug|Any CPU
		{A936ED86-8408-8E6C-92B3-833E043AE630}.Debug|Any CPU.Build.0 = Debug|Any CPU
		{A936ED86-8408-8E6C-92B3-833E043AE630}.Release|Any CPU.ActiveCfg = Release|Any CPU
		{A936ED86-8408-8E6C-92B3-833E043AE630}.Release|Any CPU.Build.0 = Release|Any CPU
		{E79846FB-73E6-3742-B3C1-4579BFC0E638}.Debug|Any CPU.ActiveCfg = Debug|Any CPU
		{E79846FB-73E6-3742-B3C1-4579BFC0E638}.Debug|Any CPU.Build.0 = Debug|Any CPU
		{E79846FB-73E6-3742-B3C1-4579BFC0E638}.Release|Any CPU.ActiveCfg = Release|Any CPU
		{E79846FB-73E6-3742-B3C1-4579BFC0E638}.Release|Any CPU.Build.0 = Release|Any CPU
		{30A3AD4A-BE89-42D5-D7E2-A6CC9249A207}.Debug|Any CPU.ActiveCfg = Debug|Any CPU
		{30A3AD4A-BE89-42D5-D7E2-A6CC9249A207}.Debug|Any CPU.Build.0 = Debug|Any CPU
		{30A3AD4A-BE89-42D5-D7E2-A6CC9249A207}.Release|Any CPU.ActiveCfg = Release|Any CPU
		{30A3AD4A-BE89-42D5-D7E2-A6CC9249A207}.Release|Any CPU.Build.0 = Release|Any CPU
		{0C35CBDD-3C94-6018-8E30-F6DA469AED91}.Debug|Any CPU.ActiveCfg = Debug|Any CPU
		{0C35CBDD-3C94-6018-8E30-F6DA469AED91}.Debug|Any CPU.Build.0 = Debug|Any CPU
		{0C35CBDD-3C94-6018-8E30-F6DA469AED91}.Release|Any CPU.ActiveCfg = Release|Any CPU
		{0C35CBDD-3C94-6018-8E30-F6DA469AED91}.Release|Any CPU.Build.0 = Release|Any CPU
		{755330DE-D5D8-23E3-434B-28D0F6DC6582}.Debug|Any CPU.ActiveCfg = Debug|Any CPU
		{755330DE-D5D8-23E3-434B-28D0F6DC6582}.Debug|Any CPU.Build.0 = Debug|Any CPU
		{755330DE-D5D8-23E3-434B-28D0F6DC6582}.Release|Any CPU.ActiveCfg = Release|Any CPU
		{755330DE-D5D8-23E3-434B-28D0F6DC6582}.Release|Any CPU.Build.0 = Release|Any CPU
		{618798E2-2716-54A8-AD5D-2BC362B8D2FD}.Debug|Any CPU.ActiveCfg = Debug|Any CPU
		{618798E2-2716-54A8-AD5D-2BC362B8D2FD}.Debug|Any CPU.Build.0 = Debug|Any CPU
		{618798E2-2716-54A8-AD5D-2BC362B8D2FD}.Release|Any CPU.ActiveCfg = Release|Any CPU
		{618798E2-2716-54A8-AD5D-2BC362B8D2FD}.Release|Any CPU.Build.0 = Release|Any CPU
		{1E260CD6-B26E-B45D-C5FC-4B520271AA0E}.Debug|Any CPU.ActiveCfg = Debug|Any CPU
		{1E260CD6-B26E-B45D-C5FC-4B520271AA0E}.Debug|Any CPU.Build.0 = Debug|Any CPU
		{1E260CD6-B26E-B45D-C5FC-4B520271AA0E}.Release|Any CPU.ActiveCfg = Release|Any CPU
		{1E260CD6-B26E-B45D-C5FC-4B520271AA0E}.Release|Any CPU.Build.0 = Release|Any CPU
		{281EA02E-0B2A-12F5-21DE-8B83D870ECF2}.Debug|Any CPU.ActiveCfg = Debug|Any CPU
		{281EA02E-0B2A-12F5-21DE-8B83D870ECF2}.Debug|Any CPU.Build.0 = Debug|Any CPU
		{281EA02E-0B2A-12F5-21DE-8B83D870ECF2}.Release|Any CPU.ActiveCfg = Release|Any CPU
		{281EA02E-0B2A-12F5-21DE-8B83D870ECF2}.Release|Any CPU.Build.0 = Release|Any CPU
		{6AFA6C6D-0120-D576-705E-065EF615F9B6}.Debug|Any CPU.ActiveCfg = Debug|Any CPU
		{6AFA6C6D-0120-D576-705E-065EF615F9B6}.Debug|Any CPU.Build.0 = Debug|Any CPU
		{6AFA6C6D-0120-D576-705E-065EF615F9B6}.Release|Any CPU.ActiveCfg = Release|Any CPU
		{6AFA6C6D-0120-D576-705E-065EF615F9B6}.Release|Any CPU.Build.0 = Release|Any CPU
		{B048EA0C-AD81-3AFB-95B7-79E364B9ACD2}.Debug|Any CPU.ActiveCfg = Debug|Any CPU
		{B048EA0C-AD81-3AFB-95B7-79E364B9ACD2}.Debug|Any CPU.Build.0 = Debug|Any CPU
		{B048EA0C-AD81-3AFB-95B7-79E364B9ACD2}.Release|Any CPU.ActiveCfg = Release|Any CPU
		{B048EA0C-AD81-3AFB-95B7-79E364B9ACD2}.Release|Any CPU.Build.0 = Release|Any CPU
		{E496EFEC-C4C3-7678-FA96-D01EAA8FB797}.Debug|Any CPU.ActiveCfg = Debug|Any CPU
		{E496EFEC-C4C3-7678-FA96-D01EAA8FB797}.Debug|Any CPU.Build.0 = Debug|Any CPU
		{E496EFEC-C4C3-7678-FA96-D01EAA8FB797}.Release|Any CPU.ActiveCfg = Release|Any CPU
		{E496EFEC-C4C3-7678-FA96-D01EAA8FB797}.Release|Any CPU.Build.0 = Release|Any CPU
		{7714CC2E-756E-CEC9-2273-B3B67C4B9A4D}.Debug|Any CPU.ActiveCfg = Debug|Any CPU
		{7714CC2E-756E-CEC9-2273-B3B67C4B9A4D}.Debug|Any CPU.Build.0 = Debug|Any CPU
		{7714CC2E-756E-CEC9-2273-B3B67C4B9A4D}.Release|Any CPU.ActiveCfg = Release|Any CPU
		{7714CC2E-756E-CEC9-2273-B3B67C4B9A4D}.Release|Any CPU.Build.0 = Release|Any CPU
		{4A82CFAD-1498-6867-984A-E667455FD2FE}.Debug|Any CPU.ActiveCfg = Debug|Any CPU
		{4A82CFAD-1498-6867-984A-E667455FD2FE}.Debug|Any CPU.Build.0 = Debug|Any CPU
		{4A82CFAD-1498-6867-984A-E667455FD2FE}.Release|Any CPU.ActiveCfg = Release|Any CPU
		{4A82CFAD-1498-6867-984A-E667455FD2FE}.Release|Any CPU.Build.0 = Release|Any CPU
		{8CD1DC5F-639A-504F-C5F9-F6B9B00BFE80}.Debug|Any CPU.ActiveCfg = Debug|Any CPU
		{8CD1DC5F-639A-504F-C5F9-F6B9B00BFE80}.Debug|Any CPU.Build.0 = Debug|Any CPU
		{8CD1DC5F-639A-504F-C5F9-F6B9B00BFE80}.Release|Any CPU.ActiveCfg = Release|Any CPU
		{8CD1DC5F-639A-504F-C5F9-F6B9B00BFE80}.Release|Any CPU.Build.0 = Release|Any CPU
		{A53F8BCE-8A4E-8B22-9DEA-47A577DF4E7B}.Debug|Any CPU.ActiveCfg = Debug|Any CPU
		{A53F8BCE-8A4E-8B22-9DEA-47A577DF4E7B}.Debug|Any CPU.Build.0 = Debug|Any CPU
		{A53F8BCE-8A4E-8B22-9DEA-47A577DF4E7B}.Release|Any CPU.ActiveCfg = Release|Any CPU
		{A53F8BCE-8A4E-8B22-9DEA-47A577DF4E7B}.Release|Any CPU.Build.0 = Release|Any CPU
		{A526556E-8CF3-B9DE-68B2-7876596A5815}.Debug|Any CPU.ActiveCfg = Debug|Any CPU
		{A526556E-8CF3-B9DE-68B2-7876596A5815}.Debug|Any CPU.Build.0 = Debug|Any CPU
		{A526556E-8CF3-B9DE-68B2-7876596A5815}.Release|Any CPU.ActiveCfg = Release|Any CPU
		{A526556E-8CF3-B9DE-68B2-7876596A5815}.Release|Any CPU.Build.0 = Release|Any CPU
		{A8CBDEBA-5E22-FF82-0A00-B8256123AE7C}.Debug|Any CPU.ActiveCfg = Debug|Any CPU
		{A8CBDEBA-5E22-FF82-0A00-B8256123AE7C}.Debug|Any CPU.Build.0 = Debug|Any CPU
		{A8CBDEBA-5E22-FF82-0A00-B8256123AE7C}.Release|Any CPU.ActiveCfg = Release|Any CPU
		{A8CBDEBA-5E22-FF82-0A00-B8256123AE7C}.Release|Any CPU.Build.0 = Release|Any CPU
		{A48723B4-49A9-A4ED-8880-79782D26D2D8}.Debug|Any CPU.ActiveCfg = Debug|Any CPU
		{A48723B4-49A9-A4ED-8880-79782D26D2D8}.Debug|Any CPU.Build.0 = Debug|Any CPU
		{A48723B4-49A9-A4ED-8880-79782D26D2D8}.Release|Any CPU.ActiveCfg = Release|Any CPU
		{A48723B4-49A9-A4ED-8880-79782D26D2D8}.Release|Any CPU.Build.0 = Release|Any CPU
		{3F6D238E-5598-5D01-1836-C17796B60236}.Debug|Any CPU.ActiveCfg = Debug|Any CPU
		{3F6D238E-5598-5D01-1836-C17796B60236}.Debug|Any CPU.Build.0 = Debug|Any CPU
		{3F6D238E-5598-5D01-1836-C17796B60236}.Release|Any CPU.ActiveCfg = Release|Any CPU
		{3F6D238E-5598-5D01-1836-C17796B60236}.Release|Any CPU.Build.0 = Release|Any CPU
		{F579F66F-1A66-667C-64F5-E18D975C07A0}.Debug|Any CPU.ActiveCfg = Debug|Any CPU
		{F579F66F-1A66-667C-64F5-E18D975C07A0}.Debug|Any CPU.Build.0 = Debug|Any CPU
		{F579F66F-1A66-667C-64F5-E18D975C07A0}.Release|Any CPU.ActiveCfg = Release|Any CPU
		{F579F66F-1A66-667C-64F5-E18D975C07A0}.Release|Any CPU.Build.0 = Release|Any CPU
		{228CE62F-E529-E9A4-C862-69464850C3C3}.Debug|Any CPU.ActiveCfg = Debug|Any CPU
		{228CE62F-E529-E9A4-C862-69464850C3C3}.Debug|Any CPU.Build.0 = Debug|Any CPU
		{228CE62F-E529-E9A4-C862-69464850C3C3}.Release|Any CPU.ActiveCfg = Release|Any CPU
		{228CE62F-E529-E9A4-C862-69464850C3C3}.Release|Any CPU.Build.0 = Release|Any CPU
	EndGlobalSection
	GlobalSection(SolutionProperties) = preSolution
		HideSolutionNode = FALSE
	EndGlobalSection
EndGlobal
