
Microsoft Visual Studio Solution File, Format Version 12.00
# Visual Studio 15
Project("{FAE04EC0-301F-11D3-BF4B-00C04F79EFBC}") = "Assembly-CSharp-Editor", "Assembly-CSharp-Editor.csproj", "{F5B6EB07-1BCE-7A79-0877-A78BDED7756F}"
EndProject
<<<<<<< Updated upstream
Project("{FAE04EC0-301F-11D3-BF4B-00C04F79EFBC}") = "Unity.XR.Interaction.Toolkit.Samples.DeviceSimulator", "Unity.XR.Interaction.Toolkit.Samples.DeviceSimulator.csproj", "{272FAFA9-0FF1-5075-8D1D-DEDCA70CF973}"
=======
Project("{FAE04EC0-301F-11D3-BF4B-00C04F79EFBC}") = "CFXREditor", "CFXREditor.csproj", "{bf726f6e-339a-bf45-0e41-e4f16e1c30d5}"
EndProject
Project("{FAE04EC0-301F-11D3-BF4B-00C04F79EFBC}") = "CFXRRuntime", "CFXRRuntime.csproj", "{887fc11b-9f0a-f50c-9f82-beaf05bf94be}"
EndProject
Project("{FAE04EC0-301F-11D3-BF4B-00C04F79EFBC}") = "Unity.XR.Interaction.Toolkit.Samples.DeviceSimulator", "Unity.XR.Interaction.Toolkit.Samples.DeviceSimulator.csproj", "{a9af2f27-f10f-7550-8d1d-dedca70cf973}"
>>>>>>> Stashed changes
EndProject
Project("{FAE04EC0-301F-11D3-BF4B-00C04F79EFBC}") = "Unity.XR.Content.Interaction", "Unity.XR.Content.Interaction.csproj", "{C12A45C5-3BA9-7A85-8961-E9C6B2A2EA9B}"
EndProject
Project("{FAE04EC0-301F-11D3-BF4B-00C04F79EFBC}") = "Assembly-CSharp", "Assembly-CSharp.csproj", "{8E5A85AA-01C5-77A0-1F14-731A318379BB}"
EndProject
Project("{FAE04EC0-301F-11D3-BF4B-00C04F79EFBC}") = "Unity.XR.Management.Samples", "Unity.XR.Management.Samples.csproj", "{78F2F3D8-AEDB-DC28-CAE4-2B506C02FB92}"
EndProject
<<<<<<< Updated upstream
Project("{FAE04EC0-301F-11D3-BF4B-00C04F79EFBC}") = "Unity.XR.Content.Interaction.Analytics", "Unity.XR.Content.Interaction.Analytics.csproj", "{AC1EBFB9-072D-B688-C92E-FAE87206F372}"
=======
Project("{FAE04EC0-301F-11D3-BF4B-00C04F79EFBC}") = "CFXR.WelcomeScreen", "CFXR.WelcomeScreen.csproj", "{24bab4c4-0111-9e32-cb3e-9094624a3a3b}"
EndProject
Project("{FAE04EC0-301F-11D3-BF4B-00C04F79EFBC}") = "CFXRDemo", "CFXRDemo.csproj", "{f417dd17-609f-da0b-00ea-c3541d5ed527}"
EndProject
Project("{FAE04EC0-301F-11D3-BF4B-00C04F79EFBC}") = "Unity.XR.Content.Interaction.Analytics", "Unity.XR.Content.Interaction.Analytics.csproj", "{b9bf1eac-2d07-88b6-c92e-fae87206f372}"
>>>>>>> Stashed changes
EndProject
Project("{FAE04EC0-301F-11D3-BF4B-00C04F79EFBC}") = "Unity.XR.Interaction.Toolkit.Samples.StarterAssets", "Unity.XR.Interaction.Toolkit.Samples.StarterAssets.csproj", "{79D922ED-BA36-A59B-34CD-A19D95CEB1FB}"
EndProject
Project("{FAE04EC0-301F-11D3-BF4B-00C04F79EFBC}") = "Unity.XR.Management.Samples.Editor", "Unity.XR.Management.Samples.Editor.csproj", "{25B95FCB-D820-54F2-5306-9EDABB16507D}"
EndProject
Project("{FAE04EC0-301F-11D3-BF4B-00C04F79EFBC}") = "ToonyColorsPro.Demo.Editor", "ToonyColorsPro.Demo.Editor.csproj", "{38713a94-1f5e-61a7-d0f9-065e29f3d2c7}"
EndProject
Project("{FAE04EC0-301F-11D3-BF4B-00C04F79EFBC}") = "KinoBloom.Runtime", "KinoBloom.Runtime.csproj", "{e187caaa-5592-a308-00de-c9f4f51ba0cc}"
EndProject
Global
	GlobalSection(SolutionConfigurationPlatforms) = preSolution
		Debug|Any CPU = Debug|Any CPU
		Release|Any CPU = Release|Any CPU
	EndGlobalSection
	GlobalSection(ProjectConfigurationPlatforms) = postSolution
<<<<<<< Updated upstream
		{F5B6EB07-1BCE-7A79-0877-A78BDED7756F}.Debug|Any CPU.ActiveCfg = Debug|Any CPU
		{F5B6EB07-1BCE-7A79-0877-A78BDED7756F}.Debug|Any CPU.Build.0 = Debug|Any CPU
		{F5B6EB07-1BCE-7A79-0877-A78BDED7756F}.Release|Any CPU.ActiveCfg = Release|Any CPU
		{F5B6EB07-1BCE-7A79-0877-A78BDED7756F}.Release|Any CPU.Build.0 = Release|Any CPU
		{272FAFA9-0FF1-5075-8D1D-DEDCA70CF973}.Debug|Any CPU.ActiveCfg = Debug|Any CPU
		{272FAFA9-0FF1-5075-8D1D-DEDCA70CF973}.Debug|Any CPU.Build.0 = Debug|Any CPU
		{272FAFA9-0FF1-5075-8D1D-DEDCA70CF973}.Release|Any CPU.ActiveCfg = Release|Any CPU
		{272FAFA9-0FF1-5075-8D1D-DEDCA70CF973}.Release|Any CPU.Build.0 = Release|Any CPU
		{C12A45C5-3BA9-7A85-8961-E9C6B2A2EA9B}.Debug|Any CPU.ActiveCfg = Debug|Any CPU
		{C12A45C5-3BA9-7A85-8961-E9C6B2A2EA9B}.Debug|Any CPU.Build.0 = Debug|Any CPU
		{C12A45C5-3BA9-7A85-8961-E9C6B2A2EA9B}.Release|Any CPU.ActiveCfg = Release|Any CPU
		{C12A45C5-3BA9-7A85-8961-E9C6B2A2EA9B}.Release|Any CPU.Build.0 = Release|Any CPU
		{8E5A85AA-01C5-77A0-1F14-731A318379BB}.Debug|Any CPU.ActiveCfg = Debug|Any CPU
		{8E5A85AA-01C5-77A0-1F14-731A318379BB}.Debug|Any CPU.Build.0 = Debug|Any CPU
		{8E5A85AA-01C5-77A0-1F14-731A318379BB}.Release|Any CPU.ActiveCfg = Release|Any CPU
		{8E5A85AA-01C5-77A0-1F14-731A318379BB}.Release|Any CPU.Build.0 = Release|Any CPU
		{78F2F3D8-AEDB-DC28-CAE4-2B506C02FB92}.Debug|Any CPU.ActiveCfg = Debug|Any CPU
		{78F2F3D8-AEDB-DC28-CAE4-2B506C02FB92}.Debug|Any CPU.Build.0 = Debug|Any CPU
		{78F2F3D8-AEDB-DC28-CAE4-2B506C02FB92}.Release|Any CPU.ActiveCfg = Release|Any CPU
		{78F2F3D8-AEDB-DC28-CAE4-2B506C02FB92}.Release|Any CPU.Build.0 = Release|Any CPU
		{AC1EBFB9-072D-B688-C92E-FAE87206F372}.Debug|Any CPU.ActiveCfg = Debug|Any CPU
		{AC1EBFB9-072D-B688-C92E-FAE87206F372}.Debug|Any CPU.Build.0 = Debug|Any CPU
		{AC1EBFB9-072D-B688-C92E-FAE87206F372}.Release|Any CPU.ActiveCfg = Release|Any CPU
		{AC1EBFB9-072D-B688-C92E-FAE87206F372}.Release|Any CPU.Build.0 = Release|Any CPU
		{79D922ED-BA36-A59B-34CD-A19D95CEB1FB}.Debug|Any CPU.ActiveCfg = Debug|Any CPU
		{79D922ED-BA36-A59B-34CD-A19D95CEB1FB}.Debug|Any CPU.Build.0 = Debug|Any CPU
		{79D922ED-BA36-A59B-34CD-A19D95CEB1FB}.Release|Any CPU.ActiveCfg = Release|Any CPU
		{79D922ED-BA36-A59B-34CD-A19D95CEB1FB}.Release|Any CPU.Build.0 = Release|Any CPU
		{25B95FCB-D820-54F2-5306-9EDABB16507D}.Debug|Any CPU.ActiveCfg = Debug|Any CPU
		{25B95FCB-D820-54F2-5306-9EDABB16507D}.Debug|Any CPU.Build.0 = Debug|Any CPU
		{25B95FCB-D820-54F2-5306-9EDABB16507D}.Release|Any CPU.ActiveCfg = Release|Any CPU
		{25B95FCB-D820-54F2-5306-9EDABB16507D}.Release|Any CPU.Build.0 = Release|Any CPU
=======
		{07ebb6f5-ce1b-797a-0877-a78bded7756f}.Debug|Any CPU.ActiveCfg = Debug|Any CPU
		{07ebb6f5-ce1b-797a-0877-a78bded7756f}.Debug|Any CPU.Build.0 = Debug|Any CPU
		{bf726f6e-339a-bf45-0e41-e4f16e1c30d5}.Debug|Any CPU.ActiveCfg = Debug|Any CPU
		{bf726f6e-339a-bf45-0e41-e4f16e1c30d5}.Debug|Any CPU.Build.0 = Debug|Any CPU
		{887fc11b-9f0a-f50c-9f82-beaf05bf94be}.Debug|Any CPU.ActiveCfg = Debug|Any CPU
		{887fc11b-9f0a-f50c-9f82-beaf05bf94be}.Debug|Any CPU.Build.0 = Debug|Any CPU
		{a9af2f27-f10f-7550-8d1d-dedca70cf973}.Debug|Any CPU.ActiveCfg = Debug|Any CPU
		{a9af2f27-f10f-7550-8d1d-dedca70cf973}.Debug|Any CPU.Build.0 = Debug|Any CPU
		{c5452ac1-a93b-857a-8961-e9c6b2a2ea9b}.Debug|Any CPU.ActiveCfg = Debug|Any CPU
		{c5452ac1-a93b-857a-8961-e9c6b2a2ea9b}.Debug|Any CPU.Build.0 = Debug|Any CPU
		{aa855a8e-c501-a077-1f14-731a318379bb}.Debug|Any CPU.ActiveCfg = Debug|Any CPU
		{aa855a8e-c501-a077-1f14-731a318379bb}.Debug|Any CPU.Build.0 = Debug|Any CPU
		{d8f3f278-dbae-28dc-cae4-2b506c02fb92}.Debug|Any CPU.ActiveCfg = Debug|Any CPU
		{d8f3f278-dbae-28dc-cae4-2b506c02fb92}.Debug|Any CPU.Build.0 = Debug|Any CPU
		{24bab4c4-0111-9e32-cb3e-9094624a3a3b}.Debug|Any CPU.ActiveCfg = Debug|Any CPU
		{24bab4c4-0111-9e32-cb3e-9094624a3a3b}.Debug|Any CPU.Build.0 = Debug|Any CPU
		{f417dd17-609f-da0b-00ea-c3541d5ed527}.Debug|Any CPU.ActiveCfg = Debug|Any CPU
		{f417dd17-609f-da0b-00ea-c3541d5ed527}.Debug|Any CPU.Build.0 = Debug|Any CPU
		{b9bf1eac-2d07-88b6-c92e-fae87206f372}.Debug|Any CPU.ActiveCfg = Debug|Any CPU
		{b9bf1eac-2d07-88b6-c92e-fae87206f372}.Debug|Any CPU.Build.0 = Debug|Any CPU
		{ed22d979-36ba-9ba5-34cd-a19d95ceb1fb}.Debug|Any CPU.ActiveCfg = Debug|Any CPU
		{ed22d979-36ba-9ba5-34cd-a19d95ceb1fb}.Debug|Any CPU.Build.0 = Debug|Any CPU
		{cb5fb925-20d8-f254-5306-9edabb16507d}.Debug|Any CPU.ActiveCfg = Debug|Any CPU
		{cb5fb925-20d8-f254-5306-9edabb16507d}.Debug|Any CPU.Build.0 = Debug|Any CPU
		{38713a94-1f5e-61a7-d0f9-065e29f3d2c7}.Debug|Any CPU.ActiveCfg = Debug|Any CPU
		{38713a94-1f5e-61a7-d0f9-065e29f3d2c7}.Debug|Any CPU.Build.0 = Debug|Any CPU
		{e187caaa-5592-a308-00de-c9f4f51ba0cc}.Debug|Any CPU.ActiveCfg = Debug|Any CPU
		{e187caaa-5592-a308-00de-c9f4f51ba0cc}.Debug|Any CPU.Build.0 = Debug|Any CPU
>>>>>>> Stashed changes
	EndGlobalSection
	GlobalSection(SolutionProperties) = preSolution
		HideSolutionNode = FALSE
	EndGlobalSection
EndGlobal
